
Microsoft Visual Studio Solution File, Format Version 12.00
# Visual Studio 15
VisualStudioVersion = 15.0.27703.2042
MinimumVisualStudioVersion = 10.0.40219.1
Project("{FAE04EC0-301F-11D3-BF4B-00C04F79EFBC}") = "ChaabiDocHF", "ChaabiDocHF\ChaabiDocHF.csproj", "{78B0E64F-1286-4520-B513-C6B19975CAEE}"
EndProject
Global
	GlobalSection(SolutionConfigurationPlatforms) = preSolution
		Debug|Any CPU = Debug|Any CPU
		Release|Any CPU = Release|Any CPU
	EndGlobalSection
	GlobalSection(ProjectConfigurationPlatforms) = postSolution
		{78B0E64F-1286-4520-B513-C6B19975CAEE}.Debug|Any CPU.ActiveCfg = Debug|Any CPU
		{78B0E64F-1286-4520-B513-C6B19975CAEE}.Debug|Any CPU.Build.0 = Debug|Any CPU
		{78B0E64F-1286-4520-B513-C6B19975CAEE}.Release|Any CPU.ActiveCfg = Release|Any CPU
		{78B0E64F-1286-4520-B513-C6B19975CAEE}.Release|Any CPU.Build.0 = Release|Any CPU
	EndGlobalSection
	GlobalSection(SolutionProperties) = preSolution
		HideSolutionNode = FALSE
	EndGlobalSection
	GlobalSection(ExtensibilityGlobals) = postSolution
		SolutionGuid = {DEBED37E-770D-4F31-8F41-BC0183664768}
	EndGlobalSection
EndGlobal
